// !$*UTF8*$!
{
	archiveVersion = 1;
	classes = {
	};
	objectVersion = 50;
	objects = {

/* Begin PBXBuildFile section */
		2C2FFB2725A45256005C09FD /* AppDelegate.swift in Sources */ = {isa = PBXBuildFile; fileRef = 2C2FFB2625A45256005C09FD /* AppDelegate.swift */; };
		2C2FFB2925A45256005C09FD /* SceneDelegate.swift in Sources */ = {isa = PBXBuildFile; fileRef = 2C2FFB2825A45256005C09FD /* SceneDelegate.swift */; };
		2C2FFB2B25A45256005C09FD /* ViewController.swift in Sources */ = {isa = PBXBuildFile; fileRef = 2C2FFB2A25A45256005C09FD /* ViewController.swift */; };
		2C2FFB2E25A45256005C09FD /* Main.storyboard in Resources */ = {isa = PBXBuildFile; fileRef = 2C2FFB2C25A45256005C09FD /* Main.storyboard */; };
		2C2FFB3025A45258005C09FD /* Assets.xcassets in Resources */ = {isa = PBXBuildFile; fileRef = 2C2FFB2F25A45258005C09FD /* Assets.xcassets */; };
		2C2FFB3325A45258005C09FD /* LaunchScreen.storyboard in Resources */ = {isa = PBXBuildFile; fileRef = 2C2FFB3125A45258005C09FD /* LaunchScreen.storyboard */; };
		2C2FFB3E25A45259005C09FD /* AppStore_JsonTests.swift in Sources */ = {isa = PBXBuildFile; fileRef = 2C2FFB3D25A45259005C09FD /* AppStore_JsonTests.swift */; };
		2C2FFB4925A45259005C09FD /* AppStore_JsonUITests.swift in Sources */ = {isa = PBXBuildFile; fileRef = 2C2FFB4825A45259005C09FD /* AppStore_JsonUITests.swift */; };
		2C2FFB5A25A45301005C09FD /* BaseTabBarController.swift in Sources */ = {isa = PBXBuildFile; fileRef = 2C2FFB5925A45301005C09FD /* BaseTabBarController.swift */; };
		2C2FFBAF25A488CB005C09FD /* SearchViewController.swift in Sources */ = {isa = PBXBuildFile; fileRef = 2C2FFBAE25A488CB005C09FD /* SearchViewController.swift */; };
		2C78F33D25A84EC500B597EB /* SearchResultCell.swift in Sources */ = {isa = PBXBuildFile; fileRef = 2C78F33C25A84EC500B597EB /* SearchResultCell.swift */; };
/* End PBXBuildFile section */

/* Begin PBXContainerItemProxy section */
		2C2FFB3A25A45259005C09FD /* PBXContainerItemProxy */ = {
			isa = PBXContainerItemProxy;
			containerPortal = 2C2FFB1B25A45256005C09FD /* Project object */;
			proxyType = 1;
			remoteGlobalIDString = 2C2FFB2225A45256005C09FD;
			remoteInfo = AppStore_Json;
		};
		2C2FFB4525A45259005C09FD /* PBXContainerItemProxy */ = {
			isa = PBXContainerItemProxy;
			containerPortal = 2C2FFB1B25A45256005C09FD /* Project object */;
			proxyType = 1;
			remoteGlobalIDString = 2C2FFB2225A45256005C09FD;
			remoteInfo = AppStore_Json;
		};
/* End PBXContainerItemProxy section */

/* Begin PBXFileReference section */
		2C2FFB2325A45256005C09FD /* AppStore_Json.app */ = {isa = PBXFileReference; explicitFileType = wrapper.application; includeInIndex = 0; path = AppStore_Json.app; sourceTree = BUILT_PRODUCTS_DIR; };
		2C2FFB2625A45256005C09FD /* AppDelegate.swift */ = {isa = PBXFileReference; lastKnownFileType = sourcecode.swift; path = AppDelegate.swift; sourceTree = "<group>"; };
		2C2FFB2825A45256005C09FD /* SceneDelegate.swift */ = {isa = PBXFileReference; lastKnownFileType = sourcecode.swift; path = SceneDelegate.swift; sourceTree = "<group>"; };
		2C2FFB2A25A45256005C09FD /* ViewController.swift */ = {isa = PBXFileReference; lastKnownFileType = sourcecode.swift; path = ViewController.swift; sourceTree = "<group>"; };
		2C2FFB2D25A45256005C09FD /* Base */ = {isa = PBXFileReference; lastKnownFileType = file.storyboard; name = Base; path = Base.lproj/Main.storyboard; sourceTree = "<group>"; };
		2C2FFB2F25A45258005C09FD /* Assets.xcassets */ = {isa = PBXFileReference; lastKnownFileType = folder.assetcatalog; path = Assets.xcassets; sourceTree = "<group>"; };
		2C2FFB3225A45258005C09FD /* Base */ = {isa = PBXFileReference; lastKnownFileType = file.storyboard; name = Base; path = Base.lproj/LaunchScreen.storyboard; sourceTree = "<group>"; };
		2C2FFB3425A45258005C09FD /* Info.plist */ = {isa = PBXFileReference; lastKnownFileType = text.plist.xml; path = Info.plist; sourceTree = "<group>"; };
		2C2FFB3925A45259005C09FD /* AppStore_JsonTests.xctest */ = {isa = PBXFileReference; explicitFileType = wrapper.cfbundle; includeInIndex = 0; path = AppStore_JsonTests.xctest; sourceTree = BUILT_PRODUCTS_DIR; };
		2C2FFB3D25A45259005C09FD /* AppStore_JsonTests.swift */ = {isa = PBXFileReference; lastKnownFileType = sourcecode.swift; path = AppStore_JsonTests.swift; sourceTree = "<group>"; };
		2C2FFB3F25A45259005C09FD /* Info.plist */ = {isa = PBXFileReference; lastKnownFileType = text.plist.xml; path = Info.plist; sourceTree = "<group>"; };
		2C2FFB4425A45259005C09FD /* AppStore_JsonUITests.xctest */ = {isa = PBXFileReference; explicitFileType = wrapper.cfbundle; includeInIndex = 0; path = AppStore_JsonUITests.xctest; sourceTree = BUILT_PRODUCTS_DIR; };
		2C2FFB4825A45259005C09FD /* AppStore_JsonUITests.swift */ = {isa = PBXFileReference; lastKnownFileType = sourcecode.swift; path = AppStore_JsonUITests.swift; sourceTree = "<group>"; };
		2C2FFB4A25A45259005C09FD /* Info.plist */ = {isa = PBXFileReference; lastKnownFileType = text.plist.xml; path = Info.plist; sourceTree = "<group>"; };
		2C2FFB5925A45301005C09FD /* BaseTabBarController.swift */ = {isa = PBXFileReference; lastKnownFileType = sourcecode.swift; path = BaseTabBarController.swift; sourceTree = "<group>"; };
		2C2FFBAE25A488CB005C09FD /* SearchViewController.swift */ = {isa = PBXFileReference; lastKnownFileType = sourcecode.swift; path = SearchViewController.swift; sourceTree = "<group>"; };
		2C78F33C25A84EC500B597EB /* SearchResultCell.swift */ = {isa = PBXFileReference; lastKnownFileType = sourcecode.swift; path = SearchResultCell.swift; sourceTree = "<group>"; };
/* End PBXFileReference section */

/* Begin PBXFrameworksBuildPhase section */
		2C2FFB2025A45256005C09FD /* Frameworks */ = {
			isa = PBXFrameworksBuildPhase;
			buildActionMask = 2147483647;
			files = (
			);
			runOnlyForDeploymentPostprocessing = 0;
		};
		2C2FFB3625A45259005C09FD /* Frameworks */ = {
			isa = PBXFrameworksBuildPhase;
			buildActionMask = 2147483647;
			files = (
			);
			runOnlyForDeploymentPostprocessing = 0;
		};
		2C2FFB4125A45259005C09FD /* Frameworks */ = {
			isa = PBXFrameworksBuildPhase;
			buildActionMask = 2147483647;
			files = (
			);
			runOnlyForDeploymentPostprocessing = 0;
		};
/* End PBXFrameworksBuildPhase section */

/* Begin PBXGroup section */
		2C2FFB1A25A45256005C09FD = {
			isa = PBXGroup;
			children = (
				2C2FFB2525A45256005C09FD /* AppStore_Json */,
				2C2FFB3C25A45259005C09FD /* AppStore_JsonTests */,
				2C2FFB4725A45259005C09FD /* AppStore_JsonUITests */,
				2C2FFB2425A45256005C09FD /* Products */,
			);
			sourceTree = "<group>";
		};
		2C2FFB2425A45256005C09FD /* Products */ = {
			isa = PBXGroup;
			children = (
				2C2FFB2325A45256005C09FD /* AppStore_Json.app */,
				2C2FFB3925A45259005C09FD /* AppStore_JsonTests.xctest */,
				2C2FFB4425A45259005C09FD /* AppStore_JsonUITests.xctest */,
			);
			name = Products;
			sourceTree = "<group>";
		};
		2C2FFB2525A45256005C09FD /* AppStore_Json */ = {
			isa = PBXGroup;
			children = (
				2C2FFB2625A45256005C09FD /* AppDelegate.swift */,
				2C2FFB2825A45256005C09FD /* SceneDelegate.swift */,
				2C2FFB2A25A45256005C09FD /* ViewController.swift */,
				2C2FFB2C25A45256005C09FD /* Main.storyboard */,
				2C2FFB2F25A45258005C09FD /* Assets.xcassets */,
				2C2FFB3125A45258005C09FD /* LaunchScreen.storyboard */,
				2C2FFB3425A45258005C09FD /* Info.plist */,
				2C2FFB5925A45301005C09FD /* BaseTabBarController.swift */,
				2C2FFBAE25A488CB005C09FD /* SearchViewController.swift */,
				2C78F33C25A84EC500B597EB /* SearchResultCell.swift */,
			);
			path = AppStore_Json;
			sourceTree = "<group>";
		};
		2C2FFB3C25A45259005C09FD /* AppStore_JsonTests */ = {
			isa = PBXGroup;
			children = (
				2C2FFB3D25A45259005C09FD /* AppStore_JsonTests.swift */,
				2C2FFB3F25A45259005C09FD /* Info.plist */,
			);
			path = AppStore_JsonTests;
			sourceTree = "<group>";
		};
		2C2FFB4725A45259005C09FD /* AppStore_JsonUITests */ = {
			isa = PBXGroup;
			children = (
				2C2FFB4825A45259005C09FD /* AppStore_JsonUITests.swift */,
				2C2FFB4A25A45259005C09FD /* Info.plist */,
			);
			path = AppStore_JsonUITests;
			sourceTree = "<group>";
		};
/* End PBXGroup section */

/* Begin PBXNativeTarget section */
		2C2FFB2225A45256005C09FD /* AppStore_Json */ = {
			isa = PBXNativeTarget;
			buildConfigurationList = 2C2FFB4D25A45259005C09FD /* Build configuration list for PBXNativeTarget "AppStore_Json" */;
			buildPhases = (
				2C2FFB1F25A45256005C09FD /* Sources */,
				2C2FFB2025A45256005C09FD /* Frameworks */,
				2C2FFB2125A45256005C09FD /* Resources */,
			);
			buildRules = (
			);
			dependencies = (
			);
			name = AppStore_Json;
			productName = AppStore_Json;
			productReference = 2C2FFB2325A45256005C09FD /* AppStore_Json.app */;
			productType = "com.apple.product-type.application";
		};
		2C2FFB3825A45259005C09FD /* AppStore_JsonTests */ = {
			isa = PBXNativeTarget;
			buildConfigurationList = 2C2FFB5025A45259005C09FD /* Build configuration list for PBXNativeTarget "AppStore_JsonTests" */;
			buildPhases = (
				2C2FFB3525A45259005C09FD /* Sources */,
				2C2FFB3625A45259005C09FD /* Frameworks */,
				2C2FFB3725A45259005C09FD /* Resources */,
			);
			buildRules = (
			);
			dependencies = (
				2C2FFB3B25A45259005C09FD /* PBXTargetDependency */,
			);
			name = AppStore_JsonTests;
			productName = AppStore_JsonTests;
			productReference = 2C2FFB3925A45259005C09FD /* AppStore_JsonTests.xctest */;
			productType = "com.apple.product-type.bundle.unit-test";
		};
		2C2FFB4325A45259005C09FD /* AppStore_JsonUITests */ = {
			isa = PBXNativeTarget;
			buildConfigurationList = 2C2FFB5325A45259005C09FD /* Build configuration list for PBXNativeTarget "AppStore_JsonUITests" */;
			buildPhases = (
				2C2FFB4025A45259005C09FD /* Sources */,
				2C2FFB4125A45259005C09FD /* Frameworks */,
				2C2FFB4225A45259005C09FD /* Resources */,
			);
			buildRules = (
			);
			dependencies = (
				2C2FFB4625A45259005C09FD /* PBXTargetDependency */,
			);
			name = AppStore_JsonUITests;
			productName = AppStore_JsonUITests;
			productReference = 2C2FFB4425A45259005C09FD /* AppStore_JsonUITests.xctest */;
			productType = "com.apple.product-type.bundle.ui-testing";
		};
/* End PBXNativeTarget section */

/* Begin PBXProject section */
		2C2FFB1B25A45256005C09FD /* Project object */ = {
			isa = PBXProject;
			attributes = {
				LastSwiftUpdateCheck = 1230;
				LastUpgradeCheck = 1230;
				TargetAttributes = {
					2C2FFB2225A45256005C09FD = {
						CreatedOnToolsVersion = 12.3;
					};
					2C2FFB3825A45259005C09FD = {
						CreatedOnToolsVersion = 12.3;
						TestTargetID = 2C2FFB2225A45256005C09FD;
					};
					2C2FFB4325A45259005C09FD = {
						CreatedOnToolsVersion = 12.3;
						TestTargetID = 2C2FFB2225A45256005C09FD;
					};
				};
			};
			buildConfigurationList = 2C2FFB1E25A45256005C09FD /* Build configuration list for PBXProject "AppStore_Json" */;
			compatibilityVersion = "Xcode 9.3";
			developmentRegion = en;
			hasScannedForEncodings = 0;
			knownRegions = (
				en,
				Base,
			);
			mainGroup = 2C2FFB1A25A45256005C09FD;
			productRefGroup = 2C2FFB2425A45256005C09FD /* Products */;
			projectDirPath = "";
			projectRoot = "";
			targets = (
				2C2FFB2225A45256005C09FD /* AppStore_Json */,
				2C2FFB3825A45259005C09FD /* AppStore_JsonTests */,
				2C2FFB4325A45259005C09FD /* AppStore_JsonUITests */,
			);
		};
/* End PBXProject section */

/* Begin PBXResourcesBuildPhase section */
		2C2FFB2125A45256005C09FD /* Resources */ = {
			isa = PBXResourcesBuildPhase;
			buildActionMask = 2147483647;
			files = (
				2C2FFB3325A45258005C09FD /* LaunchScreen.storyboard in Resources */,
				2C2FFB3025A45258005C09FD /* Assets.xcassets in Resources */,
				2C2FFB2E25A45256005C09FD /* Main.storyboard in Resources */,
			);
			runOnlyForDeploymentPostprocessing = 0;
		};
		2C2FFB3725A45259005C09FD /* Resources */ = {
			isa = PBXResourcesBuildPhase;
			buildActionMask = 2147483647;
			files = (
			);
			runOnlyForDeploymentPostprocessing = 0;
		};
		2C2FFB4225A45259005C09FD /* Resources */ = {
			isa = PBXResourcesBuildPhase;
			buildActionMask = 2147483647;
			files = (
			);
			runOnlyForDeploymentPostprocessing = 0;
		};
/* End PBXResourcesBuildPhase section */

/* Begin PBXSourcesBuildPhase section */
		2C2FFB1F25A45256005C09FD /* Sources */ = {
			isa = PBXSourcesBuildPhase;
			buildActionMask = 2147483647;
			files = (
				2C2FFBAF25A488CB005C09FD /* SearchViewController.swift in Sources */,
				2C2FFB5A25A45301005C09FD /* BaseTabBarController.swift in Sources */,
				2C2FFB2B25A45256005C09FD /* ViewController.swift in Sources */,
				2C2FFB2725A45256005C09FD /* AppDelegate.swift in Sources */,
				2C78F33D25A84EC500B597EB /* SearchResultCell.swift in Sources */,
				2C2FFB2925A45256005C09FD /* SceneDelegate.swift in Sources */,
			);
			runOnlyForDeploymentPostprocessing = 0;
		};
		2C2FFB3525A45259005C09FD /* Sources */ = {
			isa = PBXSourcesBuildPhase;
			buildActionMask = 2147483647;
			files = (
				2C2FFB3E25A45259005C09FD /* AppStore_JsonTests.swift in Sources */,
			);
			runOnlyForDeploymentPostprocessing = 0;
		};
		2C2FFB4025A45259005C09FD /* Sources */ = {
			isa = PBXSourcesBuildPhase;
			buildActionMask = 2147483647;
			files = (
				2C2FFB4925A45259005C09FD /* AppStore_JsonUITests.swift in Sources */,
			);
			runOnlyForDeploymentPostprocessing = 0;
		};
/* End PBXSourcesBuildPhase section */

/* Begin PBXTargetDependency section */
		2C2FFB3B25A45259005C09FD /* PBXTargetDependency */ = {
			isa = PBXTargetDependency;
			target = 2C2FFB2225A45256005C09FD /* AppStore_Json */;
			targetProxy = 2C2FFB3A25A45259005C09FD /* PBXContainerItemProxy */;
		};
		2C2FFB4625A45259005C09FD /* PBXTargetDependency */ = {
			isa = PBXTargetDependency;
			target = 2C2FFB2225A45256005C09FD /* AppStore_Json */;
			targetProxy = 2C2FFB4525A45259005C09FD /* PBXContainerItemProxy */;
		};
/* End PBXTargetDependency section */

/* Begin PBXVariantGroup section */
		2C2FFB2C25A45256005C09FD /* Main.storyboard */ = {
			isa = PBXVariantGroup;
			children = (
				2C2FFB2D25A45256005C09FD /* Base */,
			);
			name = Main.storyboard;
			sourceTree = "<group>";
		};
		2C2FFB3125A45258005C09FD /* LaunchScreen.storyboard */ = {
			isa = PBXVariantGroup;
			children = (
				2C2FFB3225A45258005C09FD /* Base */,
			);
			name = LaunchScreen.storyboard;
			sourceTree = "<group>";
		};
/* End PBXVariantGroup section */

/* Begin XCBuildConfiguration section */
		2C2FFB4B25A45259005C09FD /* Debug */ = {
			isa = XCBuildConfiguration;
			buildSettings = {
				ALWAYS_SEARCH_USER_PATHS = NO;
				CLANG_ANALYZER_NONNULL = YES;
				CLANG_ANALYZER_NUMBER_OBJECT_CONVERSION = YES_AGGRESSIVE;
				CLANG_CXX_LANGUAGE_STANDARD = "gnu++14";
				CLANG_CXX_LIBRARY = "libc++";
				CLANG_ENABLE_MODULES = YES;
				CLANG_ENABLE_OBJC_ARC = YES;
				CLANG_ENABLE_OBJC_WEAK = YES;
				CLANG_WARN_BLOCK_CAPTURE_AUTORELEASING = YES;
				CLANG_WARN_BOOL_CONVERSION = YES;
				CLANG_WARN_COMMA = YES;
				CLANG_WARN_CONSTANT_CONVERSION = YES;
				CLANG_WARN_DEPRECATED_OBJC_IMPLEMENTATIONS = YES;
				CLANG_WARN_DIRECT_OBJC_ISA_USAGE = YES_ERROR;
				CLANG_WARN_DOCUMENTATION_COMMENTS = YES;
				CLANG_WARN_EMPTY_BODY = YES;
				CLANG_WARN_ENUM_CONVERSION = YES;
				CLANG_WARN_INFINITE_RECURSION = YES;
				CLANG_WARN_INT_CONVERSION = YES;
				CLANG_WARN_NON_LITERAL_NULL_CONVERSION = YES;
				CLANG_WARN_OBJC_IMPLICIT_RETAIN_SELF = YES;
				CLANG_WARN_OBJC_LITERAL_CONVERSION = YES;
				CLANG_WARN_OBJC_ROOT_CLASS = YES_ERROR;
				CLANG_WARN_QUOTED_INCLUDE_IN_FRAMEWORK_HEADER = YES;
				CLANG_WARN_RANGE_LOOP_ANALYSIS = YES;
				CLANG_WARN_STRICT_PROTOTYPES = YES;
				CLANG_WARN_SUSPICIOUS_MOVE = YES;
				CLANG_WARN_UNGUARDED_AVAILABILITY = YES_AGGRESSIVE;
				CLANG_WARN_UNREACHABLE_CODE = YES;
				CLANG_WARN__DUPLICATE_METHOD_MATCH = YES;
				COPY_PHASE_STRIP = NO;
				DEBUG_INFORMATION_FORMAT = dwarf;
				ENABLE_STRICT_OBJC_MSGSEND = YES;
				ENABLE_TESTABILITY = YES;
				GCC_C_LANGUAGE_STANDARD = gnu11;
				GCC_DYNAMIC_NO_PIC = NO;
				GCC_NO_COMMON_BLOCKS = YES;
				GCC_OPTIMIZATION_LEVEL = 0;
				GCC_PREPROCESSOR_DEFINITIONS = (
					"DEBUG=1",
					"$(inherited)",
				);
				GCC_WARN_64_TO_32_BIT_CONVERSION = YES;
				GCC_WARN_ABOUT_RETURN_TYPE = YES_ERROR;
				GCC_WARN_UNDECLARED_SELECTOR = YES;
				GCC_WARN_UNINITIALIZED_AUTOS = YES_AGGRESSIVE;
				GCC_WARN_UNUSED_FUNCTION = YES;
				GCC_WARN_UNUSED_VARIABLE = YES;
				IPHONEOS_DEPLOYMENT_TARGET = 14.3;
				MTL_ENABLE_DEBUG_INFO = INCLUDE_SOURCE;
				MTL_FAST_MATH = YES;
				ONLY_ACTIVE_ARCH = YES;
				SDKROOT = iphoneos;
				SWIFT_ACTIVE_COMPILATION_CONDITIONS = DEBUG;
				SWIFT_OPTIMIZATION_LEVEL = "-Onone";
			};
			name = Debug;
		};
		2C2FFB4C25A45259005C09FD /* Release */ = {
			isa = XCBuildConfiguration;
			buildSettings = {
				ALWAYS_SEARCH_USER_PATHS = NO;
				CLANG_ANALYZER_NONNULL = YES;
				CLANG_ANALYZER_NUMBER_OBJECT_CONVERSION = YES_AGGRESSIVE;
				CLANG_CXX_LANGUAGE_STANDARD = "gnu++14";
				CLANG_CXX_LIBRARY = "libc++";
				CLANG_ENABLE_MODULES = YES;
				CLANG_ENABLE_OBJC_ARC = YES;
				CLANG_ENABLE_OBJC_WEAK = YES;
				CLANG_WARN_BLOCK_CAPTURE_AUTORELEASING = YES;
				CLANG_WARN_BOOL_CONVERSION = YES;
				CLANG_WARN_COMMA = YES;
				CLANG_WARN_CONSTANT_CONVERSION = YES;
				CLANG_WARN_DEPRECATED_OBJC_IMPLEMENTATIONS = YES;
				CLANG_WARN_DIRECT_OBJC_ISA_USAGE = YES_ERROR;
				CLANG_WARN_DOCUMENTATION_COMMENTS = YES;
				CLANG_WARN_EMPTY_BODY = YES;
				CLANG_WARN_ENUM_CONVERSION = YES;
				CLANG_WARN_INFINITE_RECURSION = YES;
				CLANG_WARN_INT_CONVERSION = YES;
				CLANG_WARN_NON_LITERAL_NULL_CONVERSION = YES;
				CLANG_WARN_OBJC_IMPLICIT_RETAIN_SELF = YES;
				CLANG_WARN_OBJC_LITERAL_CONVERSION = YES;
				CLANG_WARN_OBJC_ROOT_CLASS = YES_ERROR;
				CLANG_WARN_QUOTED_INCLUDE_IN_FRAMEWORK_HEADER = YES;
				CLANG_WARN_RANGE_LOOP_ANALYSIS = YES;
				CLANG_WARN_STRICT_PROTOTYPES = YES;
				CLANG_WARN_SUSPICIOUS_MOVE = YES;
				CLANG_WARN_UNGUARDED_AVAILABILITY = YES_AGGRESSIVE;
				CLANG_WARN_UNREACHABLE_CODE = YES;
				CLANG_WARN__DUPLICATE_METHOD_MATCH = YES;
				COPY_PHASE_STRIP = NO;
				DEBUG_INFORMATION_FORMAT = "dwarf-with-dsym";
				ENABLE_NS_ASSERTIONS = NO;
				ENABLE_STRICT_OBJC_MSGSEND = YES;
				GCC_C_LANGUAGE_STANDARD = gnu11;
				GCC_NO_COMMON_BLOCKS = YES;
				GCC_WARN_64_TO_32_BIT_CONVERSION = YES;
				GCC_WARN_ABOUT_RETURN_TYPE = YES_ERROR;
				GCC_WARN_UNDECLARED_SELECTOR = YES;
				GCC_WARN_UNINITIALIZED_AUTOS = YES_AGGRESSIVE;
				GCC_WARN_UNUSED_FUNCTION = YES;
				GCC_WARN_UNUSED_VARIABLE = YES;
				IPHONEOS_DEPLOYMENT_TARGET = 14.3;
				MTL_ENABLE_DEBUG_INFO = NO;
				MTL_FAST_MATH = YES;
				SDKROOT = iphoneos;
				SWIFT_COMPILATION_MODE = wholemodule;
				SWIFT_OPTIMIZATION_LEVEL = "-O";
				VALIDATE_PRODUCT = YES;
			};
			name = Release;
		};
		2C2FFB4E25A45259005C09FD /* Debug */ = {
			isa = XCBuildConfiguration;
			buildSettings = {
				ASSETCATALOG_COMPILER_APPICON_NAME = AppIcon;
				ASSETCATALOG_COMPILER_GLOBAL_ACCENT_COLOR_NAME = AccentColor;
				CODE_SIGN_STYLE = Automatic;
				DEVELOPMENT_TEAM = PQ3DYY7M97;
				INFOPLIST_FILE = AppStore_Json/Info.plist;
				LD_RUNPATH_SEARCH_PATHS = (
					"$(inherited)",
					"@executable_path/Frameworks",
				);
				PRODUCT_BUNDLE_IDENTIFIER = "eddie.AppStore-Json";
				PRODUCT_NAME = "$(TARGET_NAME)";
				SWIFT_VERSION = 5.0;
				TARGETED_DEVICE_FAMILY = "1,2";
			};
			name = Debug;
		};
		2C2FFB4F25A45259005C09FD /* Release */ = {
			isa = XCBuildConfiguration;
			buildSettings = {
				ASSETCATALOG_COMPILER_APPICON_NAME = AppIcon;
				ASSETCATALOG_COMPILER_GLOBAL_ACCENT_COLOR_NAME = AccentColor;
				CODE_SIGN_STYLE = Automatic;
				DEVELOPMENT_TEAM = PQ3DYY7M97;
				INFOPLIST_FILE = AppStore_Json/Info.plist;
				LD_RUNPATH_SEARCH_PATHS = (
					"$(inherited)",
					"@executable_path/Frameworks",
				);
				PRODUCT_BUNDLE_IDENTIFIER = "eddie.AppStore-Json";
				PRODUCT_NAME = "$(TARGET_NAME)";
				SWIFT_VERSION = 5.0;
				TARGETED_DEVICE_FAMILY = "1,2";
			};
			name = Release;
		};
		2C2FFB5125A45259005C09FD /* Debug */ = {
			isa = XCBuildConfiguration;
			buildSettings = {
				ALWAYS_EMBED_SWIFT_STANDARD_LIBRARIES = YES;
				BUNDLE_LOADER = "$(TEST_HOST)";
				CODE_SIGN_STYLE = Automatic;
				DEVELOPMENT_TEAM = PQ3DYY7M97;
				INFOPLIST_FILE = AppStore_JsonTests/Info.plist;
				IPHONEOS_DEPLOYMENT_TARGET = 14.3;
				LD_RUNPATH_SEARCH_PATHS = (
					"$(inherited)",
					"@executable_path/Frameworks",
					"@loader_path/Frameworks",
				);
				PRODUCT_BUNDLE_IDENTIFIER = "eddie.AppStore-JsonTests";
				PRODUCT_NAME = "$(TARGET_NAME)";
				SWIFT_VERSION = 5.0;
				TARGETED_DEVICE_FAMILY = "1,2";
				TEST_HOST = "$(BUILT_PRODUCTS_DIR)/AppStore_Json.app/AppStore_Json";
			};
			name = Debug;
		};
		2C2FFB5225A45259005C09FD /* Release */ = {
			isa = XCBuildConfiguration;
			buildSettings = {
				ALWAYS_EMBED_SWIFT_STANDARD_LIBRARIES = YES;
				BUNDLE_LOADER = "$(TEST_HOST)";
				CODE_SIGN_STYLE = Automatic;
				DEVELOPMENT_TEAM = PQ3DYY7M97;
				INFOPLIST_FILE = AppStore_JsonTests/Info.plist;
				IPHONEOS_DEPLOYMENT_TARGET = 14.3;
				LD_RUNPATH_SEARCH_PATHS = (
					"$(inherited)",
					"@executable_path/Frameworks",
					"@loader_path/Frameworks",
				);
				PRODUCT_BUNDLE_IDENTIFIER = "eddie.AppStore-JsonTests";
				PRODUCT_NAME = "$(TARGET_NAME)";
				SWIFT_VERSION = 5.0;
				TARGETED_DEVICE_FAMILY = "1,2";
				TEST_HOST = "$(BUILT_PRODUCTS_DIR)/AppStore_Json.app/AppStore_Json";
			};
			name = Release;
		};
		2C2FFB5425A45259005C09FD /* Debug */ = {
			isa = XCBuildConfiguration;
			buildSettings = {
				ALWAYS_EMBED_SWIFT_STANDARD_LIBRARIES = YES;
				CODE_SIGN_STYLE = Automatic;
				DEVELOPMENT_TEAM = PQ3DYY7M97;
				INFOPLIST_FILE = AppStore_JsonUITests/Info.plist;
				LD_RUNPATH_SEARCH_PATHS = (
					"$(inherited)",
					"@executable_path/Frameworks",
					"@loader_path/Frameworks",
				);
				PRODUCT_BUNDLE_IDENTIFIER = "eddie.AppStore-JsonUITests";
				PRODUCT_NAME = "$(TARGET_NAME)";
				SWIFT_VERSION = 5.0;
				TARGETED_DEVICE_FAMILY = "1,2";
				TEST_TARGET_NAME = AppStore_Json;
			};
			name = Debug;
		};
		2C2FFB5525A45259005C09FD /* Release */ = {
			isa = XCBuildConfiguration;
			buildSettings = {
				ALWAYS_EMBED_SWIFT_STANDARD_LIBRARIES = YES;
				CODE_SIGN_STYLE = Automatic;
				DEVELOPMENT_TEAM = PQ3DYY7M97;
				INFOPLIST_FILE = AppStore_JsonUITests/Info.plist;
				LD_RUNPATH_SEARCH_PATHS = (
					"$(inherited)",
					"@executable_path/Frameworks",
					"@loader_path/Frameworks",
				);
				PRODUCT_BUNDLE_IDENTIFIER = "eddie.AppStore-JsonUITests";
				PRODUCT_NAME = "$(TARGET_NAME)";
				SWIFT_VERSION = 5.0;
				TARGETED_DEVICE_FAMILY = "1,2";
				TEST_TARGET_NAME = AppStore_Json;
			};
			name = Release;
		};
/* End XCBuildConfiguration section */

/* Begin XCConfigurationList section */
		2C2FFB1E25A45256005C09FD /* Build configuration list for PBXProject "AppStore_Json" */ = {
			isa = XCConfigurationList;
			buildConfigurations = (
				2C2FFB4B25A45259005C09FD /* Debug */,
				2C2FFB4C25A45259005C09FD /* Release */,
			);
			defaultConfigurationIsVisible = 0;
			defaultConfigurationName = Release;
		};
		2C2FFB4D25A45259005C09FD /* Build configuration list for PBXNativeTarget "AppStore_Json" */ = {
			isa = XCConfigurationList;
			buildConfigurations = (
				2C2FFB4E25A45259005C09FD /* Debug */,
				2C2FFB4F25A45259005C09FD /* Release */,
			);
			defaultConfigurationIsVisible = 0;
			defaultConfigurationName = Release;
		};
		2C2FFB5025A45259005C09FD /* Build configuration list for PBXNativeTarget "AppStore_JsonTests" */ = {
			isa = XCConfigurationList;
			buildConfigurations = (
				2C2FFB5125A45259005C09FD /* Debug */,
				2C2FFB5225A45259005C09FD /* Release */,
			);
			defaultConfigurationIsVisible = 0;
			defaultConfigurationName = Release;
		};
		2C2FFB5325A45259005C09FD /* Build configuration list for PBXNativeTarget "AppStore_JsonUITests" */ = {
			isa = XCConfigurationList;
			buildConfigurations = (
				2C2FFB5425A45259005C09FD /* Debug */,
				2C2FFB5525A45259005C09FD /* Release */,
			);
			defaultConfigurationIsVisible = 0;
			defaultConfigurationName = Release;
		};
/* End XCConfigurationList section */
	};
	rootObject = 2C2FFB1B25A45256005C09FD /* Project object */;
}
